
Microsoft Visual Studio Solution File, Format Version 12.00
# Visual Studio 15
VisualStudioVersion = 15.0.28307.539
MinimumVisualStudioVersion = 10.0.40219.1
Project("{FAE04EC0-301F-11D3-BF4B-00C04F79EFBC}") = "BankOfSimba", "BankOfSimba\BankOfSimba.csproj", "{43860AF4-EF60-4B7D-955A-A393970ACB49}"
EndProject
Global
	GlobalSection(SolutionConfigurationPlatforms) = preSolution
		Debug|Any CPU = Debug|Any CPU
		Release|Any CPU = Release|Any CPU
	EndGlobalSection
	GlobalSection(ProjectConfigurationPlatforms) = postSolution
		{43860AF4-EF60-4B7D-955A-A393970ACB49}.Debug|Any CPU.ActiveCfg = Debug|Any CPU
		{43860AF4-EF60-4B7D-955A-A393970ACB49}.Debug|Any CPU.Build.0 = Debug|Any CPU
		{43860AF4-EF60-4B7D-955A-A393970ACB49}.Release|Any CPU.ActiveCfg = Release|Any CPU
		{43860AF4-EF60-4B7D-955A-A393970ACB49}.Release|Any CPU.Build.0 = Release|Any CPU
	EndGlobalSection
	GlobalSection(SolutionProperties) = preSolution
		HideSolutionNode = FALSE
	EndGlobalSection
	GlobalSection(ExtensibilityGlobals) = postSolution
		SolutionGuid = {6A934A83-80A4-43EB-9DD1-608DBEB48610}
	EndGlobalSection
EndGlobal
