
Microsoft Visual Studio Solution File, Format Version 12.00
# Visual Studio 15
VisualStudioVersion = 15.0.28010.2046
MinimumVisualStudioVersion = 10.0.40219.1
Project("{9A19103F-16F7-4668-BE54-9A1E7A4F7556}") = "ASP.NET-Core-Webapp", "ASP.NET-Core-Webapp\ASP.NET-Core-Webapp.csproj", "{3ABF80C8-4FDE-4C13-9641-9D6B6A2831AA}"
EndProject
Project("{FAE04EC0-301F-11D3-BF4B-00C04F79EFBC}") = "ASP.NET-Core-Webapp.UnitTests", "ASP.NET-Core-Webapp.UnitTests\ASP.NET-Core-Webapp.UnitTests.csproj", "{BB8B6667-9281-404F-B528-E4C391CB35A4}"
EndProject
Project("{FAE04EC0-301F-11D3-BF4B-00C04F79EFBC}") = "ASP.NET-Core-Webapp.IntegrationTests", "ASP.NET-Core-Webapp.IntegrationTests\ASP.NET-Core-Webapp.IntegrationTests.csproj", "{3DFEDF61-125D-49DF-A928-C3B9ECFB13FE}"
EndProject
Global
	GlobalSection(SolutionConfigurationPlatforms) = preSolution
		Debug|Any CPU = Debug|Any CPU
		Release|Any CPU = Release|Any CPU
	EndGlobalSection
	GlobalSection(ProjectConfigurationPlatforms) = postSolution
		{3ABF80C8-4FDE-4C13-9641-9D6B6A2831AA}.Debug|Any CPU.ActiveCfg = Debug|Any CPU
		{3ABF80C8-4FDE-4C13-9641-9D6B6A2831AA}.Debug|Any CPU.Build.0 = Debug|Any CPU
		{3ABF80C8-4FDE-4C13-9641-9D6B6A2831AA}.Release|Any CPU.ActiveCfg = Release|Any CPU
		{3ABF80C8-4FDE-4C13-9641-9D6B6A2831AA}.Release|Any CPU.Build.0 = Release|Any CPU
		{BB8B6667-9281-404F-B528-E4C391CB35A4}.Debug|Any CPU.ActiveCfg = Debug|Any CPU
		{BB8B6667-9281-404F-B528-E4C391CB35A4}.Debug|Any CPU.Build.0 = Debug|Any CPU
		{BB8B6667-9281-404F-B528-E4C391CB35A4}.Release|Any CPU.ActiveCfg = Release|Any CPU
		{BB8B6667-9281-404F-B528-E4C391CB35A4}.Release|Any CPU.Build.0 = Release|Any CPU
		{3DFEDF61-125D-49DF-A928-C3B9ECFB13FE}.Debug|Any CPU.ActiveCfg = Debug|Any CPU
		{3DFEDF61-125D-49DF-A928-C3B9ECFB13FE}.Debug|Any CPU.Build.0 = Debug|Any CPU
		{3DFEDF61-125D-49DF-A928-C3B9ECFB13FE}.Release|Any CPU.ActiveCfg = Release|Any CPU
		{3DFEDF61-125D-49DF-A928-C3B9ECFB13FE}.Release|Any CPU.Build.0 = Release|Any CPU
	EndGlobalSection
	GlobalSection(SolutionProperties) = preSolution
		HideSolutionNode = FALSE
	EndGlobalSection
	GlobalSection(ExtensibilityGlobals) = postSolution
		SolutionGuid = {0B5A3E0B-4A58-4E75-AD70-1679E88C7069}
	EndGlobalSection
EndGlobal
